
Microsoft Visual Studio Solution File, Format Version 12.00
# Visual Studio 15
VisualStudioVersion = 15.0.27004.2005
MinimumVisualStudioVersion = 10.0.40219.1
Project("{FAE04EC0-301F-11D3-BF4B-00C04F79EFBC}") = "Purch_Confirm_server", "Purch_Confirm_server\Purch_Confirm_server.csproj", "{0AFAD4DC-C9E6-4024-84CA-DF7A3A4245A3}"
EndProject
Global
	GlobalSection(SolutionConfigurationPlatforms) = preSolution
		Debug|Any CPU = Debug|Any CPU
		Release|Any CPU = Release|Any CPU
	EndGlobalSection
	GlobalSection(ProjectConfigurationPlatforms) = postSolution
		{0AFAD4DC-C9E6-4024-84CA-DF7A3A4245A3}.Debug|Any CPU.ActiveCfg = Debug|Any CPU
		{0AFAD4DC-C9E6-4024-84CA-DF7A3A4245A3}.Debug|Any CPU.Build.0 = Debug|Any CPU
		{0AFAD4DC-C9E6-4024-84CA-DF7A3A4245A3}.Release|Any CPU.ActiveCfg = Release|Any CPU
		{0AFAD4DC-C9E6-4024-84CA-DF7A3A4245A3}.Release|Any CPU.Build.0 = Release|Any CPU
	EndGlobalSection
	GlobalSection(SolutionProperties) = preSolution
		HideSolutionNode = FALSE
	EndGlobalSection
	GlobalSection(ExtensibilityGlobals) = postSolution
		SolutionGuid = {522DC03C-070F-4B41-ACB5-67AC9D1724C1}
	EndGlobalSection
EndGlobal
